
Microsoft Visual Studio Solution File, Format Version 12.00
# Visual Studio Version 16
VisualStudioVersion = 16.0.30406.217
MinimumVisualStudioVersion = 10.0.40219.1
Project("{FAE04EC0-301F-11D3-BF4B-00C04F79EFBC}") = "StatusJobWPF", "StatusJobWPF\StatusJobWPF.csproj", "{BFE81993-3432-4A12-8AB0-C355827AF26D}"
EndProject
Global
	GlobalSection(SolutionConfigurationPlatforms) = preSolution
		Debug|Any CPU = Debug|Any CPU
		Release|Any CPU = Release|Any CPU
	EndGlobalSection
	GlobalSection(ProjectConfigurationPlatforms) = postSolution
		{BFE81993-3432-4A12-8AB0-C355827AF26D}.Debug|Any CPU.ActiveCfg = Debug|Any CPU
		{BFE81993-3432-4A12-8AB0-C355827AF26D}.Debug|Any CPU.Build.0 = Debug|Any CPU
		{BFE81993-3432-4A12-8AB0-C355827AF26D}.Release|Any CPU.ActiveCfg = Release|Any CPU
		{BFE81993-3432-4A12-8AB0-C355827AF26D}.Release|Any CPU.Build.0 = Release|Any CPU
	EndGlobalSection
	GlobalSection(SolutionProperties) = preSolution
		HideSolutionNode = FALSE
	EndGlobalSection
	GlobalSection(ExtensibilityGlobals) = postSolution
		SolutionGuid = {42CAAE5A-C040-4BD2-A94A-75C89DE6E699}
	EndGlobalSection
EndGlobal
